
Microsoft Visual Studio Solution File, Format Version 12.00
# Visual Studio Version 17
VisualStudioVersion = 17.0.31903.59
MinimumVisualStudioVersion = 10.0.40219.1
Project("{FAE04EC0-301F-11D3-BF4B-00C04F79EFBC}") = "DN_1.1_Jorge_Serna_v1.0", "DN_1.1_Jorge_Serna_v1.0\DN_1.1_Jorge_Serna_v1.0.csproj", "{DC83B808-99D5-4689-B295-5D4CB47A2C16}"
EndProject
Project("{FAE04EC0-301F-11D3-BF4B-00C04F79EFBC}") = "AudioManager", "AudioManager\AudioManager.csproj", "{5B7A804F-3D6A-4E17-8B1F-D34988CE9827}"
EndProject
Global
	GlobalSection(SolutionConfigurationPlatforms) = preSolution
		Debug|Any CPU = Debug|Any CPU
		Release|Any CPU = Release|Any CPU
	EndGlobalSection
	GlobalSection(ProjectConfigurationPlatforms) = postSolution
		{DC83B808-99D5-4689-B295-5D4CB47A2C16}.Debug|Any CPU.ActiveCfg = Debug|Any CPU
		{DC83B808-99D5-4689-B295-5D4CB47A2C16}.Debug|Any CPU.Build.0 = Debug|Any CPU
		{DC83B808-99D5-4689-B295-5D4CB47A2C16}.Release|Any CPU.ActiveCfg = Release|Any CPU
		{DC83B808-99D5-4689-B295-5D4CB47A2C16}.Release|Any CPU.Build.0 = Release|Any CPU
		{5B7A804F-3D6A-4E17-8B1F-D34988CE9827}.Debug|Any CPU.ActiveCfg = Debug|Any CPU
		{5B7A804F-3D6A-4E17-8B1F-D34988CE9827}.Debug|Any CPU.Build.0 = Debug|Any CPU
		{5B7A804F-3D6A-4E17-8B1F-D34988CE9827}.Release|Any CPU.ActiveCfg = Release|Any CPU
		{5B7A804F-3D6A-4E17-8B1F-D34988CE9827}.Release|Any CPU.Build.0 = Release|Any CPU
	EndGlobalSection
	GlobalSection(SolutionProperties) = preSolution
		HideSolutionNode = FALSE
	EndGlobalSection
	GlobalSection(ExtensibilityGlobals) = postSolution
		SolutionGuid = {7B2B43E4-A4F4-43A0-B714-A4F8195CB096}
	EndGlobalSection
EndGlobal
