
Microsoft Visual Studio Solution File, Format Version 12.00
# Visual Studio Version 17
VisualStudioVersion = 17.1.32421.90
MinimumVisualStudioVersion = 10.0.40219.1
Project("{9A19103F-16F7-4668-BE54-9A1E7A4F7556}") = "DataAccess.Example", "DataAccess.Example\DataAccess.Example.csproj", "{774B60E3-F6DA-4713-88F4-3EB9DFB43F3B}"
EndProject
Project("{FAE04EC0-301F-11D3-BF4B-00C04F79EFBC}") = "DataAccess.Example.Core", "DataAccess.Example.Core\DataAccess.Example.Core.csproj", "{4E8270F0-8393-4316-A299-9ABE73F46CEB}"
EndProject
Project("{FAE04EC0-301F-11D3-BF4B-00C04F79EFBC}") = "DataAccess.Example.EntityFramework", "DataAccess.Example.EntityFramework\DataAccess.Example.EntityFramework.csproj", "{C4BEBDC0-8E16-4F25-A7B0-E2BEDC66649C}"
EndProject
Project("{FAE04EC0-301F-11D3-BF4B-00C04F79EFBC}") = "DataAccess.Example.WebApi", "DataAccess.Example.WebApi\DataAccess.Example.WebApi.csproj", "{1ECE362A-0F52-4457-8590-474CCDA9410C}"
EndProject
Global
	GlobalSection(SolutionConfigurationPlatforms) = preSolution
		Debug|Any CPU = Debug|Any CPU
		Release|Any CPU = Release|Any CPU
	EndGlobalSection
	GlobalSection(ProjectConfigurationPlatforms) = postSolution
		{774B60E3-F6DA-4713-88F4-3EB9DFB43F3B}.Debug|Any CPU.ActiveCfg = Debug|Any CPU
		{774B60E3-F6DA-4713-88F4-3EB9DFB43F3B}.Debug|Any CPU.Build.0 = Debug|Any CPU
		{774B60E3-F6DA-4713-88F4-3EB9DFB43F3B}.Release|Any CPU.ActiveCfg = Release|Any CPU
		{774B60E3-F6DA-4713-88F4-3EB9DFB43F3B}.Release|Any CPU.Build.0 = Release|Any CPU
		{4E8270F0-8393-4316-A299-9ABE73F46CEB}.Debug|Any CPU.ActiveCfg = Debug|Any CPU
		{4E8270F0-8393-4316-A299-9ABE73F46CEB}.Debug|Any CPU.Build.0 = Debug|Any CPU
		{4E8270F0-8393-4316-A299-9ABE73F46CEB}.Release|Any CPU.ActiveCfg = Release|Any CPU
		{4E8270F0-8393-4316-A299-9ABE73F46CEB}.Release|Any CPU.Build.0 = Release|Any CPU
		{C4BEBDC0-8E16-4F25-A7B0-E2BEDC66649C}.Debug|Any CPU.ActiveCfg = Debug|Any CPU
		{C4BEBDC0-8E16-4F25-A7B0-E2BEDC66649C}.Debug|Any CPU.Build.0 = Debug|Any CPU
		{C4BEBDC0-8E16-4F25-A7B0-E2BEDC66649C}.Release|Any CPU.ActiveCfg = Release|Any CPU
		{C4BEBDC0-8E16-4F25-A7B0-E2BEDC66649C}.Release|Any CPU.Build.0 = Release|Any CPU
		{1ECE362A-0F52-4457-8590-474CCDA9410C}.Debug|Any CPU.ActiveCfg = Debug|Any CPU
		{1ECE362A-0F52-4457-8590-474CCDA9410C}.Debug|Any CPU.Build.0 = Debug|Any CPU
		{1ECE362A-0F52-4457-8590-474CCDA9410C}.Release|Any CPU.ActiveCfg = Release|Any CPU
		{1ECE362A-0F52-4457-8590-474CCDA9410C}.Release|Any CPU.Build.0 = Release|Any CPU
	EndGlobalSection
	GlobalSection(SolutionProperties) = preSolution
		HideSolutionNode = FALSE
	EndGlobalSection
	GlobalSection(ExtensibilityGlobals) = postSolution
		SolutionGuid = {3F70447B-E436-4AC6-9D4C-DEC11317750C}
	EndGlobalSection
EndGlobal
