
Microsoft Visual Studio Solution File, Format Version 12.00
# Visual Studio Version 17
VisualStudioVersion = 17.0.31919.166
MinimumVisualStudioVersion = 10.0.40219.1
Project("{FAE04EC0-301F-11D3-BF4B-00C04F79EFBC}") = "GymManager.Web", "GymManager.Web\GymManager.Web.csproj", "{C0091EE0-4C05-4659-9D15-43AD3BD893FE}"
EndProject
Global
	GlobalSection(SolutionConfigurationPlatforms) = preSolution
		Debug|Any CPU = Debug|Any CPU
		Release|Any CPU = Release|Any CPU
	EndGlobalSection
	GlobalSection(ProjectConfigurationPlatforms) = postSolution
		{C0091EE0-4C05-4659-9D15-43AD3BD893FE}.Debug|Any CPU.ActiveCfg = Debug|Any CPU
		{C0091EE0-4C05-4659-9D15-43AD3BD893FE}.Debug|Any CPU.Build.0 = Debug|Any CPU
		{C0091EE0-4C05-4659-9D15-43AD3BD893FE}.Release|Any CPU.ActiveCfg = Release|Any CPU
		{C0091EE0-4C05-4659-9D15-43AD3BD893FE}.Release|Any CPU.Build.0 = Release|Any CPU
	EndGlobalSection
	GlobalSection(SolutionProperties) = preSolution
		HideSolutionNode = FALSE
	EndGlobalSection
	GlobalSection(ExtensibilityGlobals) = postSolution
		SolutionGuid = {C801BAC9-4F5E-49ED-AB66-65CF83CF4A97}
	EndGlobalSection
EndGlobal
