
Microsoft Visual Studio Solution File, Format Version 12.00
# Visual Studio Version 17
VisualStudioVersion = 17.0.31919.166
MinimumVisualStudioVersion = 10.0.40219.1
Project("{9A19103F-16F7-4668-BE54-9A1E7A4F7556}") = "GymManager.Web", "GymManager.Web\GymManager.Web.csproj", "{C0091EE0-4C05-4659-9D15-43AD3BD893FE}"
EndProject
Project("{FAE04EC0-301F-11D3-BF4B-00C04F79EFBC}") = "GymManager.ApplicationServices", "GymManager.ApplicationServices\GymManager.ApplicationServices.csproj", "{79F912CE-B8A2-4321-8DD2-F43D6B3F8019}"
EndProject
Project("{FAE04EC0-301F-11D3-BF4B-00C04F79EFBC}") = "GymManager.Core", "GymManager.Core\GymManager.Core.csproj", "{64B923D6-8D46-49B2-B5C9-1B5699D9CA48}"
EndProject
Global
	GlobalSection(SolutionConfigurationPlatforms) = preSolution
		Debug|Any CPU = Debug|Any CPU
		Release|Any CPU = Release|Any CPU
	EndGlobalSection
	GlobalSection(ProjectConfigurationPlatforms) = postSolution
		{C0091EE0-4C05-4659-9D15-43AD3BD893FE}.Debug|Any CPU.ActiveCfg = Debug|Any CPU
		{C0091EE0-4C05-4659-9D15-43AD3BD893FE}.Debug|Any CPU.Build.0 = Debug|Any CPU
		{C0091EE0-4C05-4659-9D15-43AD3BD893FE}.Release|Any CPU.ActiveCfg = Release|Any CPU
		{C0091EE0-4C05-4659-9D15-43AD3BD893FE}.Release|Any CPU.Build.0 = Release|Any CPU
		{79F912CE-B8A2-4321-8DD2-F43D6B3F8019}.Debug|Any CPU.ActiveCfg = Debug|Any CPU
		{79F912CE-B8A2-4321-8DD2-F43D6B3F8019}.Debug|Any CPU.Build.0 = Debug|Any CPU
		{79F912CE-B8A2-4321-8DD2-F43D6B3F8019}.Release|Any CPU.ActiveCfg = Release|Any CPU
		{79F912CE-B8A2-4321-8DD2-F43D6B3F8019}.Release|Any CPU.Build.0 = Release|Any CPU
		{64B923D6-8D46-49B2-B5C9-1B5699D9CA48}.Debug|Any CPU.ActiveCfg = Debug|Any CPU
		{64B923D6-8D46-49B2-B5C9-1B5699D9CA48}.Debug|Any CPU.Build.0 = Debug|Any CPU
		{64B923D6-8D46-49B2-B5C9-1B5699D9CA48}.Release|Any CPU.ActiveCfg = Release|Any CPU
		{64B923D6-8D46-49B2-B5C9-1B5699D9CA48}.Release|Any CPU.Build.0 = Release|Any CPU
	EndGlobalSection
	GlobalSection(SolutionProperties) = preSolution
		HideSolutionNode = FALSE
	EndGlobalSection
	GlobalSection(ExtensibilityGlobals) = postSolution
		SolutionGuid = {C801BAC9-4F5E-49ED-AB66-65CF83CF4A97}
	EndGlobalSection
EndGlobal
